
Microsoft Visual Studio Solution File, Format Version 12.00
# Visual Studio 2013
VisualStudioVersion = 12.0.31101.0
MinimumVisualStudioVersion = 10.0.40219.1
Project("{FAE04EC0-301F-11D3-BF4B-00C04F79EFBC}") = "Omicron", "Omicron\Omicron.csproj", "{C3610CC6-18F1-4325-8FEE-F6B269BBD911}"
EndProject
Project("{FAE04EC0-301F-11D3-BF4B-00C04F79EFBC}") = "OmicronTest", "OmicronTest\OmicronTest.csproj", "{73152254-B576-45B7-9259-FA3856FE65F8}"
EndProject
Global
	GlobalSection(SolutionConfigurationPlatforms) = preSolution
		Debug|Any CPU = Debug|Any CPU
		Release|Any CPU = Release|Any CPU
	EndGlobalSection
	GlobalSection(ProjectConfigurationPlatforms) = postSolution
		{C3610CC6-18F1-4325-8FEE-F6B269BBD911}.Debug|Any CPU.ActiveCfg = Debug|Any CPU
		{C3610CC6-18F1-4325-8FEE-F6B269BBD911}.Debug|Any CPU.Build.0 = Debug|Any CPU
		{C3610CC6-18F1-4325-8FEE-F6B269BBD911}.Release|Any CPU.ActiveCfg = Release|Any CPU
		{C3610CC6-18F1-4325-8FEE-F6B269BBD911}.Release|Any CPU.Build.0 = Release|Any CPU
		{73152254-B576-45B7-9259-FA3856FE65F8}.Debug|Any CPU.ActiveCfg = Debug|Any CPU
		{73152254-B576-45B7-9259-FA3856FE65F8}.Debug|Any CPU.Build.0 = Debug|Any CPU
		{73152254-B576-45B7-9259-FA3856FE65F8}.Release|Any CPU.ActiveCfg = Release|Any CPU
		{73152254-B576-45B7-9259-FA3856FE65F8}.Release|Any CPU.Build.0 = Release|Any CPU
	EndGlobalSection
	GlobalSection(SolutionProperties) = preSolution
		HideSolutionNode = FALSE
	EndGlobalSection
EndGlobal
